// !$*UTF8*$!
{
	archiveVersion = 1;
	classes = {
	};
	objectVersion = 50;
	objects = {

/* Begin PBXBuildFile section */
		C11EE48F25EE170900162C14 /* PlayerHUD.swift in Sources */ = {isa = PBXBuildFile; fileRef = C11EE48E25EE170900162C14 /* PlayerHUD.swift */; };
		C139AA4925EB13AA00BBDE86 /* MainMenuView.swift in Sources */ = {isa = PBXBuildFile; fileRef = C139AA4825EB13AA00BBDE86 /* MainMenuView.swift */; };
		C139AA4B25EB1A8700BBDE86 /* RoundedButton.swift in Sources */ = {isa = PBXBuildFile; fileRef = C139AA4A25EB1A8700BBDE86 /* RoundedButton.swift */; };
		C1479FA425EA220600722F6F /* PlayersEditor.swift in Sources */ = {isa = PBXBuildFile; fileRef = C1479FA325EA220600722F6F /* PlayersEditor.swift */; };
		C1479FA625EA301100722F6F /* Player.swift in Sources */ = {isa = PBXBuildFile; fileRef = C1479FA525EA301100722F6F /* Player.swift */; };
		C1479FA825EA302000722F6F /* AIPlayer.swift in Sources */ = {isa = PBXBuildFile; fileRef = C1479FA725EA302000722F6F /* AIPlayer.swift */; };
		C1479FAA25EA303500722F6F /* Player.swift in Sources */ = {isa = PBXBuildFile; fileRef = C1479FA525EA301100722F6F /* Player.swift */; };
		C1479FAB25EA303500722F6F /* AIPlayer.swift in Sources */ = {isa = PBXBuildFile; fileRef = C1479FA725EA302000722F6F /* AIPlayer.swift */; };
		C156540225DB33AC00CB0464 /* CardStackView.swift in Sources */ = {isa = PBXBuildFile; fileRef = C156540125DB33AC00CB0464 /* CardStackView.swift */; };
		C15FC8FF25D34541009346A2 /* Cardsneak__iOS_App.swift in Sources */ = {isa = PBXBuildFile; fileRef = C15FC8FE25D34541009346A2 /* Cardsneak__iOS_App.swift */; };
		C15FC90125D34542009346A2 /* ContentView.swift in Sources */ = {isa = PBXBuildFile; fileRef = C15FC90025D34542009346A2 /* ContentView.swift */; };
		C15FC90325D34544009346A2 /* Assets.xcassets in Resources */ = {isa = PBXBuildFile; fileRef = C15FC90225D34544009346A2 /* Assets.xcassets */; };
		C15FC90625D34544009346A2 /* Preview Assets.xcassets in Resources */ = {isa = PBXBuildFile; fileRef = C15FC90525D34544009346A2 /* Preview Assets.xcassets */; };
		C188C04525D8D65E000BD3FE /* MainGameView.swift in Sources */ = {isa = PBXBuildFile; fileRef = C188C04325D8D639000BD3FE /* MainGameView.swift */; };
		C188C6E925DA57200018E892 /* PlayingCardView.swift in Sources */ = {isa = PBXBuildFile; fileRef = C188C6E825DA57200018E892 /* PlayingCardView.swift */; };
		C188C6EB25DA59250018E892 /* PlayerView.swift in Sources */ = {isa = PBXBuildFile; fileRef = C188C6EA25DA59250018E892 /* PlayerView.swift */; };
		C189A99325D45DA200CCD8A1 /* CardStack.swift in Sources */ = {isa = PBXBuildFile; fileRef = C1AB814825D265B7006B1940 /* CardStack.swift */; };
		C189A99425D45DA200CCD8A1 /* GameModel.swift in Sources */ = {isa = PBXBuildFile; fileRef = C1AB814C25D26CC8006B1940 /* GameModel.swift */; };
		C189A99625D45DA200CCD8A1 /* Turn.swift in Sources */ = {isa = PBXBuildFile; fileRef = C1AB814A25D26CB1006B1940 /* Turn.swift */; };
		C189A99725D45DA200CCD8A1 /* Carousel.swift in Sources */ = {isa = PBXBuildFile; fileRef = C1AB814625D205E8006B1940 /* Carousel.swift */; };
		C189A99825D45DA200CCD8A1 /* PlayingCard.swift in Sources */ = {isa = PBXBuildFile; fileRef = C1AB814225D1F506006B1940 /* PlayingCard.swift */; };
		C189A99925D45DA200CCD8A1 /* NameGenerator.swift in Sources */ = {isa = PBXBuildFile; fileRef = C1AB814025D1EC51006B1940 /* NameGenerator.swift */; };
		C189A99B25D45DF100CCD8A1 /* GameSetupScreen.swift in Sources */ = {isa = PBXBuildFile; fileRef = C189A99A25D45DF100CCD8A1 /* GameSetupScreen.swift */; };
		C1AB813A25D1E889006B1940 /* main.swift in Sources */ = {isa = PBXBuildFile; fileRef = C1AB813925D1E889006B1940 /* main.swift */; };
		C1AB814125D1EC51006B1940 /* NameGenerator.swift in Sources */ = {isa = PBXBuildFile; fileRef = C1AB814025D1EC51006B1940 /* NameGenerator.swift */; };
		C1AB814325D1F506006B1940 /* PlayingCard.swift in Sources */ = {isa = PBXBuildFile; fileRef = C1AB814225D1F506006B1940 /* PlayingCard.swift */; };
		C1AB814725D205E8006B1940 /* Carousel.swift in Sources */ = {isa = PBXBuildFile; fileRef = C1AB814625D205E8006B1940 /* Carousel.swift */; };
		C1AB814925D265B7006B1940 /* CardStack.swift in Sources */ = {isa = PBXBuildFile; fileRef = C1AB814825D265B7006B1940 /* CardStack.swift */; };
		C1AB814B25D26CB1006B1940 /* Turn.swift in Sources */ = {isa = PBXBuildFile; fileRef = C1AB814A25D26CB1006B1940 /* Turn.swift */; };
		C1AB814D25D26CC8006B1940 /* GameModel.swift in Sources */ = {isa = PBXBuildFile; fileRef = C1AB814C25D26CC8006B1940 /* GameModel.swift */; };
		C1C57A6725E77FC600908DD8 /* UserPlayer.swift in Sources */ = {isa = PBXBuildFile; fileRef = C1C57A6625E77FC600908DD8 /* UserPlayer.swift */; };
		C1C57A6925E77FD000908DD8 /* UserPlayer.swift in Sources */ = {isa = PBXBuildFile; fileRef = C1C57A6625E77FC600908DD8 /* UserPlayer.swift */; };
		C1F9002525E8CA0F0006ED33 /* TitleCard.swift in Sources */ = {isa = PBXBuildFile; fileRef = C1F9002425E8CA0F0006ED33 /* TitleCard.swift */; };
/* End PBXBuildFile section */

/* Begin PBXCopyFilesBuildPhase section */
		C1AB813425D1E889006B1940 /* CopyFiles */ = {
			isa = PBXCopyFilesBuildPhase;
			buildActionMask = 2147483647;
			dstPath = /usr/share/man/man1/;
			dstSubfolderSpec = 0;
			files = (
			);
			runOnlyForDeploymentPostprocessing = 1;
		};
/* End PBXCopyFilesBuildPhase section */

/* Begin PBXFileReference section */
		C11EE48E25EE170900162C14 /* PlayerHUD.swift */ = {isa = PBXFileReference; lastKnownFileType = sourcecode.swift; path = PlayerHUD.swift; sourceTree = "<group>"; };
		C139AA4825EB13AA00BBDE86 /* MainMenuView.swift */ = {isa = PBXFileReference; lastKnownFileType = sourcecode.swift; path = MainMenuView.swift; sourceTree = "<group>"; };
		C139AA4A25EB1A8700BBDE86 /* RoundedButton.swift */ = {isa = PBXFileReference; lastKnownFileType = sourcecode.swift; path = RoundedButton.swift; sourceTree = "<group>"; };
		C1479FA325EA220600722F6F /* PlayersEditor.swift */ = {isa = PBXFileReference; lastKnownFileType = sourcecode.swift; path = PlayersEditor.swift; sourceTree = "<group>"; };
		C1479FA525EA301100722F6F /* Player.swift */ = {isa = PBXFileReference; lastKnownFileType = sourcecode.swift; path = Player.swift; sourceTree = "<group>"; };
		C1479FA725EA302000722F6F /* AIPlayer.swift */ = {isa = PBXFileReference; lastKnownFileType = sourcecode.swift; path = AIPlayer.swift; sourceTree = "<group>"; };
		C156540125DB33AC00CB0464 /* CardStackView.swift */ = {isa = PBXFileReference; lastKnownFileType = sourcecode.swift; path = CardStackView.swift; sourceTree = "<group>"; };
		C15FC8FC25D34541009346A2 /* Cardsneak (iOS).app */ = {isa = PBXFileReference; explicitFileType = wrapper.application; includeInIndex = 0; path = "Cardsneak (iOS).app"; sourceTree = BUILT_PRODUCTS_DIR; };
		C15FC8FE25D34541009346A2 /* Cardsneak__iOS_App.swift */ = {isa = PBXFileReference; lastKnownFileType = sourcecode.swift; path = Cardsneak__iOS_App.swift; sourceTree = "<group>"; };
		C15FC90025D34542009346A2 /* ContentView.swift */ = {isa = PBXFileReference; lastKnownFileType = sourcecode.swift; path = ContentView.swift; sourceTree = "<group>"; };
		C15FC90225D34544009346A2 /* Assets.xcassets */ = {isa = PBXFileReference; lastKnownFileType = folder.assetcatalog; path = Assets.xcassets; sourceTree = "<group>"; };
		C15FC90525D34544009346A2 /* Preview Assets.xcassets */ = {isa = PBXFileReference; lastKnownFileType = folder.assetcatalog; path = "Preview Assets.xcassets"; sourceTree = "<group>"; };
		C15FC90725D34544009346A2 /* Info.plist */ = {isa = PBXFileReference; lastKnownFileType = text.plist.xml; path = Info.plist; sourceTree = "<group>"; };
		C188C04325D8D639000BD3FE /* MainGameView.swift */ = {isa = PBXFileReference; lastKnownFileType = sourcecode.swift; path = MainGameView.swift; sourceTree = "<group>"; };
		C188C6E825DA57200018E892 /* PlayingCardView.swift */ = {isa = PBXFileReference; lastKnownFileType = sourcecode.swift; path = PlayingCardView.swift; sourceTree = "<group>"; };
		C188C6EA25DA59250018E892 /* PlayerView.swift */ = {isa = PBXFileReference; lastKnownFileType = sourcecode.swift; path = PlayerView.swift; sourceTree = "<group>"; };
		C189A99A25D45DF100CCD8A1 /* GameSetupScreen.swift */ = {isa = PBXFileReference; lastKnownFileType = sourcecode.swift; path = GameSetupScreen.swift; sourceTree = "<group>"; };
		C1AB813625D1E889006B1940 /* Cardsneak */ = {isa = PBXFileReference; explicitFileType = "compiled.mach-o.executable"; includeInIndex = 0; path = Cardsneak; sourceTree = BUILT_PRODUCTS_DIR; };
		C1AB813925D1E889006B1940 /* main.swift */ = {isa = PBXFileReference; lastKnownFileType = sourcecode.swift; path = main.swift; sourceTree = "<group>"; };
		C1AB814025D1EC51006B1940 /* NameGenerator.swift */ = {isa = PBXFileReference; lastKnownFileType = sourcecode.swift; path = NameGenerator.swift; sourceTree = "<group>"; };
		C1AB814225D1F506006B1940 /* PlayingCard.swift */ = {isa = PBXFileReference; lastKnownFileType = sourcecode.swift; path = PlayingCard.swift; sourceTree = "<group>"; };
		C1AB814625D205E8006B1940 /* Carousel.swift */ = {isa = PBXFileReference; lastKnownFileType = sourcecode.swift; path = Carousel.swift; sourceTree = "<group>"; };
		C1AB814825D265B7006B1940 /* CardStack.swift */ = {isa = PBXFileReference; lastKnownFileType = sourcecode.swift; path = CardStack.swift; sourceTree = "<group>"; };
		C1AB814A25D26CB1006B1940 /* Turn.swift */ = {isa = PBXFileReference; lastKnownFileType = sourcecode.swift; path = Turn.swift; sourceTree = "<group>"; };
		C1AB814C25D26CC8006B1940 /* GameModel.swift */ = {isa = PBXFileReference; lastKnownFileType = sourcecode.swift; path = GameModel.swift; sourceTree = "<group>"; };
		C1C57A6625E77FC600908DD8 /* UserPlayer.swift */ = {isa = PBXFileReference; lastKnownFileType = sourcecode.swift; path = UserPlayer.swift; sourceTree = "<group>"; };
		C1F9002425E8CA0F0006ED33 /* TitleCard.swift */ = {isa = PBXFileReference; lastKnownFileType = sourcecode.swift; path = TitleCard.swift; sourceTree = "<group>"; };
/* End PBXFileReference section */

/* Begin PBXFrameworksBuildPhase section */
		C15FC8F925D34541009346A2 /* Frameworks */ = {
			isa = PBXFrameworksBuildPhase;
			buildActionMask = 2147483647;
			files = (
			);
			runOnlyForDeploymentPostprocessing = 0;
		};
		C1AB813325D1E889006B1940 /* Frameworks */ = {
			isa = PBXFrameworksBuildPhase;
			buildActionMask = 2147483647;
			files = (
			);
			runOnlyForDeploymentPostprocessing = 0;
		};
/* End PBXFrameworksBuildPhase section */

/* Begin PBXGroup section */
		C1479FAC25EA303B00722F6F /* Player */ = {
			isa = PBXGroup;
			children = (
				C1C57A6625E77FC600908DD8 /* UserPlayer.swift */,
				C1479FA525EA301100722F6F /* Player.swift */,
				C1479FA725EA302000722F6F /* AIPlayer.swift */,
			);
			path = Player;
			sourceTree = "<group>";
		};
		C15FC8FD25D34541009346A2 /* Cardsneak (iOS) */ = {
			isa = PBXGroup;
			children = (
				C188C04325D8D639000BD3FE /* MainGameView.swift */,
				C156540125DB33AC00CB0464 /* CardStackView.swift */,
				C188C6EA25DA59250018E892 /* PlayerView.swift */,
				C15FC8FE25D34541009346A2 /* Cardsneak__iOS_App.swift */,
				C15FC90025D34542009346A2 /* ContentView.swift */,
				C139AA4825EB13AA00BBDE86 /* MainMenuView.swift */,
				C189A99A25D45DF100CCD8A1 /* GameSetupScreen.swift */,
				C15FC90225D34544009346A2 /* Assets.xcassets */,
				C15FC90725D34544009346A2 /* Info.plist */,
				C15FC90425D34544009346A2 /* Preview Content */,
				C188C6E825DA57200018E892 /* PlayingCardView.swift */,
				C1F9002425E8CA0F0006ED33 /* TitleCard.swift */,
				C1479FA325EA220600722F6F /* PlayersEditor.swift */,
				C139AA4A25EB1A8700BBDE86 /* RoundedButton.swift */,
				C11EE48E25EE170900162C14 /* PlayerHUD.swift */,
			);
			path = "Cardsneak (iOS)";
			sourceTree = "<group>";
		};
		C15FC90425D34544009346A2 /* Preview Content */ = {
			isa = PBXGroup;
			children = (
				C15FC90525D34544009346A2 /* Preview Assets.xcassets */,
			);
			path = "Preview Content";
			sourceTree = "<group>";
		};
		C189A99225D45D8C00CCD8A1 /* Shared */ = {
			isa = PBXGroup;
			children = (
				C1AB814A25D26CB1006B1940 /* Turn.swift */,
				C1479FAC25EA303B00722F6F /* Player */,
				C1AB814C25D26CC8006B1940 /* GameModel.swift */,
				C1AB814825D265B7006B1940 /* CardStack.swift */,
				C1AB814225D1F506006B1940 /* PlayingCard.swift */,
				C1AB814625D205E8006B1940 /* Carousel.swift */,
				C1AB814025D1EC51006B1940 /* NameGenerator.swift */,
			);
			path = Shared;
			sourceTree = "<group>";
		};
		C1AB812D25D1E889006B1940 = {
			isa = PBXGroup;
			children = (
				C189A99225D45D8C00CCD8A1 /* Shared */,
				C1AB813825D1E889006B1940 /* Cardsneak */,
				C15FC8FD25D34541009346A2 /* Cardsneak (iOS) */,
				C1AB813725D1E889006B1940 /* Products */,
			);
			sourceTree = "<group>";
		};
		C1AB813725D1E889006B1940 /* Products */ = {
			isa = PBXGroup;
			children = (
				C1AB813625D1E889006B1940 /* Cardsneak */,
				C15FC8FC25D34541009346A2 /* Cardsneak (iOS).app */,
			);
			name = Products;
			sourceTree = "<group>";
		};
		C1AB813825D1E889006B1940 /* Cardsneak */ = {
			isa = PBXGroup;
			children = (
				C1AB813925D1E889006B1940 /* main.swift */,
			);
			path = Cardsneak;
			sourceTree = "<group>";
		};
/* End PBXGroup section */

/* Begin PBXNativeTarget section */
		C15FC8FB25D34541009346A2 /* Cardsneak (iOS) */ = {
			isa = PBXNativeTarget;
			buildConfigurationList = C15FC90A25D34544009346A2 /* Build configuration list for PBXNativeTarget "Cardsneak (iOS)" */;
			buildPhases = (
				C15FC8F825D34541009346A2 /* Sources */,
				C15FC8F925D34541009346A2 /* Frameworks */,
				C15FC8FA25D34541009346A2 /* Resources */,
			);
			buildRules = (
			);
			dependencies = (
			);
			name = "Cardsneak (iOS)";
			productName = "Cardsneak (iOS)";
			productReference = C15FC8FC25D34541009346A2 /* Cardsneak (iOS).app */;
			productType = "com.apple.product-type.application";
		};
		C1AB813525D1E889006B1940 /* Cardsneak */ = {
			isa = PBXNativeTarget;
			buildConfigurationList = C1AB813D25D1E889006B1940 /* Build configuration list for PBXNativeTarget "Cardsneak" */;
			buildPhases = (
				C1AB813225D1E889006B1940 /* Sources */,
				C1AB813325D1E889006B1940 /* Frameworks */,
				C1AB813425D1E889006B1940 /* CopyFiles */,
			);
			buildRules = (
			);
			dependencies = (
			);
			name = Cardsneak;
			productName = Cardsneak;
			productReference = C1AB813625D1E889006B1940 /* Cardsneak */;
			productType = "com.apple.product-type.tool";
		};
/* End PBXNativeTarget section */

/* Begin PBXProject section */
		C1AB812E25D1E889006B1940 /* Project object */ = {
			isa = PBXProject;
			attributes = {
				LastSwiftUpdateCheck = 1250;
				LastUpgradeCheck = 1250;
				TargetAttributes = {
					C15FC8FB25D34541009346A2 = {
						CreatedOnToolsVersion = 12.5;
					};
					C1AB813525D1E889006B1940 = {
						CreatedOnToolsVersion = 12.5;
					};
				};
			};
			buildConfigurationList = C1AB813125D1E889006B1940 /* Build configuration list for PBXProject "Cardsneak" */;
			compatibilityVersion = "Xcode 9.3";
			developmentRegion = en;
			hasScannedForEncodings = 0;
			knownRegions = (
				en,
				Base,
			);
			mainGroup = C1AB812D25D1E889006B1940;
			productRefGroup = C1AB813725D1E889006B1940 /* Products */;
			projectDirPath = "";
			projectRoot = "";
			targets = (
				C1AB813525D1E889006B1940 /* Cardsneak */,
				C15FC8FB25D34541009346A2 /* Cardsneak (iOS) */,
			);
		};
/* End PBXProject section */

/* Begin PBXResourcesBuildPhase section */
		C15FC8FA25D34541009346A2 /* Resources */ = {
			isa = PBXResourcesBuildPhase;
			buildActionMask = 2147483647;
			files = (
				C15FC90625D34544009346A2 /* Preview Assets.xcassets in Resources */,
				C15FC90325D34544009346A2 /* Assets.xcassets in Resources */,
			);
			runOnlyForDeploymentPostprocessing = 0;
		};
/* End PBXResourcesBuildPhase section */

/* Begin PBXSourcesBuildPhase section */
		C15FC8F825D34541009346A2 /* Sources */ = {
			isa = PBXSourcesBuildPhase;
			buildActionMask = 2147483647;
			files = (
				C139AA4925EB13AA00BBDE86 /* MainMenuView.swift in Sources */,
				C188C04525D8D65E000BD3FE /* MainGameView.swift in Sources */,
				C1F9002525E8CA0F0006ED33 /* TitleCard.swift in Sources */,
				C156540225DB33AC00CB0464 /* CardStackView.swift in Sources */,
				C188C6E925DA57200018E892 /* PlayingCardView.swift in Sources */,
				C189A99925D45DA200CCD8A1 /* NameGenerator.swift in Sources */,
				C189A99325D45DA200CCD8A1 /* CardStack.swift in Sources */,
				C189A99425D45DA200CCD8A1 /* GameModel.swift in Sources */,
				C189A99B25D45DF100CCD8A1 /* GameSetupScreen.swift in Sources */,
				C1C57A6925E77FD000908DD8 /* UserPlayer.swift in Sources */,
				C189A99825D45DA200CCD8A1 /* PlayingCard.swift in Sources */,
				C139AA4B25EB1A8700BBDE86 /* RoundedButton.swift in Sources */,
				C188C6EB25DA59250018E892 /* PlayerView.swift in Sources */,
				C15FC90125D34542009346A2 /* ContentView.swift in Sources */,
				C189A99725D45DA200CCD8A1 /* Carousel.swift in Sources */,
				C189A99625D45DA200CCD8A1 /* Turn.swift in Sources */,
				C1479FA625EA301100722F6F /* Player.swift in Sources */,
				C11EE48F25EE170900162C14 /* PlayerHUD.swift in Sources */,
				C15FC8FF25D34541009346A2 /* Cardsneak__iOS_App.swift in Sources */,
				C1479FA825EA302000722F6F /* AIPlayer.swift in Sources */,
				C1479FA425EA220600722F6F /* PlayersEditor.swift in Sources */,
			);
			runOnlyForDeploymentPostprocessing = 0;
		};
		C1AB813225D1E889006B1940 /* Sources */ = {
			isa = PBXSourcesBuildPhase;
			buildActionMask = 2147483647;
			files = (
				C1479FAB25EA303500722F6F /* AIPlayer.swift in Sources */,
				C1AB814925D265B7006B1940 /* CardStack.swift in Sources */,
				C1AB814125D1EC51006B1940 /* NameGenerator.swift in Sources */,
				C1AB814325D1F506006B1940 /* PlayingCard.swift in Sources */,
				C1AB814725D205E8006B1940 /* Carousel.swift in Sources */,
				C1AB814D25D26CC8006B1940 /* GameModel.swift in Sources */,
				C1AB813A25D1E889006B1940 /* main.swift in Sources */,
				C1C57A6725E77FC600908DD8 /* UserPlayer.swift in Sources */,
				C1479FAA25EA303500722F6F /* Player.swift in Sources */,
				C1AB814B25D26CB1006B1940 /* Turn.swift in Sources */,
			);
			runOnlyForDeploymentPostprocessing = 0;
		};
/* End PBXSourcesBuildPhase section */

/* Begin XCBuildConfiguration section */
		C15FC90825D34544009346A2 /* Debug */ = {
			isa = XCBuildConfiguration;
			buildSettings = {
				ASSETCATALOG_COMPILER_APPICON_NAME = AppIcon;
				ASSETCATALOG_COMPILER_GLOBAL_ACCENT_COLOR_NAME = AccentColor;
				CODE_SIGN_STYLE = Automatic;
				DEVELOPMENT_ASSET_PATHS = "\"Cardsneak (iOS)/Preview Content\"";
				DEVELOPMENT_TEAM = 82239ZX62H;
				ENABLE_PREVIEWS = YES;
				INFOPLIST_FILE = "Cardsneak (iOS)/Info.plist";
				IPHONEOS_DEPLOYMENT_TARGET = 14.3;
				LD_RUNPATH_SEARCH_PATHS = (
					"$(inherited)",
					"@executable_path/Frameworks",
				);
				PRODUCT_BUNDLE_IDENTIFIER = "com.camgrigo.Cardsneak--iOS-";
				PRODUCT_NAME = "$(TARGET_NAME)";
				SDKROOT = iphoneos;
				SWIFT_VERSION = 5.0;
				TARGETED_DEVICE_FAMILY = "1,2";
			};
			name = Debug;
		};
		C15FC90925D34544009346A2 /* Release */ = {
			isa = XCBuildConfiguration;
			buildSettings = {
				ASSETCATALOG_COMPILER_APPICON_NAME = AppIcon;
				ASSETCATALOG_COMPILER_GLOBAL_ACCENT_COLOR_NAME = AccentColor;
				CODE_SIGN_STYLE = Automatic;
				DEVELOPMENT_ASSET_PATHS = "\"Cardsneak (iOS)/Preview Content\"";
				DEVELOPMENT_TEAM = 82239ZX62H;
				ENABLE_PREVIEWS = YES;
				INFOPLIST_FILE = "Cardsneak (iOS)/Info.plist";
				IPHONEOS_DEPLOYMENT_TARGET = 14.3;
				LD_RUNPATH_SEARCH_PATHS = (
					"$(inherited)",
					"@executable_path/Frameworks",
				);
				PRODUCT_BUNDLE_IDENTIFIER = "com.camgrigo.Cardsneak--iOS-";
				PRODUCT_NAME = "$(TARGET_NAME)";
				SDKROOT = iphoneos;
				SWIFT_VERSION = 5.0;
				TARGETED_DEVICE_FAMILY = "1,2";
				VALIDATE_PRODUCT = YES;
			};
			name = Release;
		};
		C1AB813B25D1E889006B1940 /* Debug */ = {
			isa = XCBuildConfiguration;
			buildSettings = {
				ALWAYS_SEARCH_USER_PATHS = NO;
				CLANG_ANALYZER_NONNULL = YES;
				CLANG_ANALYZER_NUMBER_OBJECT_CONVERSION = YES_AGGRESSIVE;
				CLANG_CXX_LANGUAGE_STANDARD = "gnu++14";
				CLANG_CXX_LIBRARY = "libc++";
				CLANG_ENABLE_MODULES = YES;
				CLANG_ENABLE_OBJC_ARC = YES;
				CLANG_ENABLE_OBJC_WEAK = YES;
				CLANG_WARN_BLOCK_CAPTURE_AUTORELEASING = YES;
				CLANG_WARN_BOOL_CONVERSION = YES;
				CLANG_WARN_COMMA = YES;
				CLANG_WARN_CONSTANT_CONVERSION = YES;
				CLANG_WARN_DEPRECATED_OBJC_IMPLEMENTATIONS = YES;
				CLANG_WARN_DIRECT_OBJC_ISA_USAGE = YES_ERROR;
				CLANG_WARN_DOCUMENTATION_COMMENTS = YES;
				CLANG_WARN_EMPTY_BODY = YES;
				CLANG_WARN_ENUM_CONVERSION = YES;
				CLANG_WARN_INFINITE_RECURSION = YES;
				CLANG_WARN_INT_CONVERSION = YES;
				CLANG_WARN_NON_LITERAL_NULL_CONVERSION = YES;
				CLANG_WARN_OBJC_IMPLICIT_RETAIN_SELF = YES;
				CLANG_WARN_OBJC_LITERAL_CONVERSION = YES;
				CLANG_WARN_OBJC_ROOT_CLASS = YES_ERROR;
				CLANG_WARN_QUOTED_INCLUDE_IN_FRAMEWORK_HEADER = YES;
				CLANG_WARN_RANGE_LOOP_ANALYSIS = YES;
				CLANG_WARN_STRICT_PROTOTYPES = YES;
				CLANG_WARN_SUSPICIOUS_MOVE = YES;
				CLANG_WARN_UNGUARDED_AVAILABILITY = YES_AGGRESSIVE;
				CLANG_WARN_UNREACHABLE_CODE = YES;
				CLANG_WARN__DUPLICATE_METHOD_MATCH = YES;
				COPY_PHASE_STRIP = NO;
				DEBUG_INFORMATION_FORMAT = dwarf;
				ENABLE_STRICT_OBJC_MSGSEND = YES;
				ENABLE_TESTABILITY = YES;
				GCC_C_LANGUAGE_STANDARD = gnu11;
				GCC_DYNAMIC_NO_PIC = NO;
				GCC_NO_COMMON_BLOCKS = YES;
				GCC_OPTIMIZATION_LEVEL = 0;
				GCC_PREPROCESSOR_DEFINITIONS = (
					"DEBUG=1",
					"$(inherited)",
				);
				GCC_WARN_64_TO_32_BIT_CONVERSION = YES;
				GCC_WARN_ABOUT_RETURN_TYPE = YES_ERROR;
				GCC_WARN_UNDECLARED_SELECTOR = YES;
				GCC_WARN_UNINITIALIZED_AUTOS = YES_AGGRESSIVE;
				GCC_WARN_UNUSED_FUNCTION = YES;
				GCC_WARN_UNUSED_VARIABLE = YES;
				MACOSX_DEPLOYMENT_TARGET = 11.2;
				MTL_ENABLE_DEBUG_INFO = INCLUDE_SOURCE;
				MTL_FAST_MATH = YES;
				ONLY_ACTIVE_ARCH = YES;
				SDKROOT = macosx;
				SWIFT_ACTIVE_COMPILATION_CONDITIONS = DEBUG;
				SWIFT_OPTIMIZATION_LEVEL = "-Onone";
			};
			name = Debug;
		};
		C1AB813C25D1E889006B1940 /* Release */ = {
			isa = XCBuildConfiguration;
			buildSettings = {
				ALWAYS_SEARCH_USER_PATHS = NO;
				CLANG_ANALYZER_NONNULL = YES;
				CLANG_ANALYZER_NUMBER_OBJECT_CONVERSION = YES_AGGRESSIVE;
				CLANG_CXX_LANGUAGE_STANDARD = "gnu++14";
				CLANG_CXX_LIBRARY = "libc++";
				CLANG_ENABLE_MODULES = YES;
				CLANG_ENABLE_OBJC_ARC = YES;
				CLANG_ENABLE_OBJC_WEAK = YES;
				CLANG_WARN_BLOCK_CAPTURE_AUTORELEASING = YES;
				CLANG_WARN_BOOL_CONVERSION = YES;
				CLANG_WARN_COMMA = YES;
				CLANG_WARN_CONSTANT_CONVERSION = YES;
				CLANG_WARN_DEPRECATED_OBJC_IMPLEMENTATIONS = YES;
				CLANG_WARN_DIRECT_OBJC_ISA_USAGE = YES_ERROR;
				CLANG_WARN_DOCUMENTATION_COMMENTS = YES;
				CLANG_WARN_EMPTY_BODY = YES;
				CLANG_WARN_ENUM_CONVERSION = YES;
				CLANG_WARN_INFINITE_RECURSION = YES;
				CLANG_WARN_INT_CONVERSION = YES;
				CLANG_WARN_NON_LITERAL_NULL_CONVERSION = YES;
				CLANG_WARN_OBJC_IMPLICIT_RETAIN_SELF = YES;
				CLANG_WARN_OBJC_LITERAL_CONVERSION = YES;
				CLANG_WARN_OBJC_ROOT_CLASS = YES_ERROR;
				CLANG_WARN_QUOTED_INCLUDE_IN_FRAMEWORK_HEADER = YES;
				CLANG_WARN_RANGE_LOOP_ANALYSIS = YES;
				CLANG_WARN_STRICT_PROTOTYPES = YES;
				CLANG_WARN_SUSPICIOUS_MOVE = YES;
				CLANG_WARN_UNGUARDED_AVAILABILITY = YES_AGGRESSIVE;
				CLANG_WARN_UNREACHABLE_CODE = YES;
				CLANG_WARN__DUPLICATE_METHOD_MATCH = YES;
				COPY_PHASE_STRIP = NO;
				DEBUG_INFORMATION_FORMAT = "dwarf-with-dsym";
				ENABLE_NS_ASSERTIONS = NO;
				ENABLE_STRICT_OBJC_MSGSEND = YES;
				GCC_C_LANGUAGE_STANDARD = gnu11;
				GCC_NO_COMMON_BLOCKS = YES;
				GCC_WARN_64_TO_32_BIT_CONVERSION = YES;
				GCC_WARN_ABOUT_RETURN_TYPE = YES_ERROR;
				GCC_WARN_UNDECLARED_SELECTOR = YES;
				GCC_WARN_UNINITIALIZED_AUTOS = YES_AGGRESSIVE;
				GCC_WARN_UNUSED_FUNCTION = YES;
				GCC_WARN_UNUSED_VARIABLE = YES;
				MACOSX_DEPLOYMENT_TARGET = 11.2;
				MTL_ENABLE_DEBUG_INFO = NO;
				MTL_FAST_MATH = YES;
				SDKROOT = macosx;
				SWIFT_COMPILATION_MODE = wholemodule;
				SWIFT_OPTIMIZATION_LEVEL = "-O";
			};
			name = Release;
		};
		C1AB813E25D1E889006B1940 /* Debug */ = {
			isa = XCBuildConfiguration;
			buildSettings = {
				CODE_SIGN_STYLE = Automatic;
				DEVELOPMENT_TEAM = 82239ZX62H;
				ENABLE_HARDENED_RUNTIME = YES;
				PRODUCT_NAME = "$(TARGET_NAME)";
				SWIFT_VERSION = 5.0;
			};
			name = Debug;
		};
		C1AB813F25D1E889006B1940 /* Release */ = {
			isa = XCBuildConfiguration;
			buildSettings = {
				CODE_SIGN_STYLE = Automatic;
				DEVELOPMENT_TEAM = 82239ZX62H;
				ENABLE_HARDENED_RUNTIME = YES;
				PRODUCT_NAME = "$(TARGET_NAME)";
				SWIFT_VERSION = 5.0;
			};
			name = Release;
		};
/* End XCBuildConfiguration section */

/* Begin XCConfigurationList section */
		C15FC90A25D34544009346A2 /* Build configuration list for PBXNativeTarget "Cardsneak (iOS)" */ = {
			isa = XCConfigurationList;
			buildConfigurations = (
				C15FC90825D34544009346A2 /* Debug */,
				C15FC90925D34544009346A2 /* Release */,
			);
			defaultConfigurationIsVisible = 0;
			defaultConfigurationName = Release;
		};
		C1AB813125D1E889006B1940 /* Build configuration list for PBXProject "Cardsneak" */ = {
			isa = XCConfigurationList;
			buildConfigurations = (
				C1AB813B25D1E889006B1940 /* Debug */,
				C1AB813C25D1E889006B1940 /* Release */,
			);
			defaultConfigurationIsVisible = 0;
			defaultConfigurationName = Release;
		};
		C1AB813D25D1E889006B1940 /* Build configuration list for PBXNativeTarget "Cardsneak" */ = {
			isa = XCConfigurationList;
			buildConfigurations = (
				C1AB813E25D1E889006B1940 /* Debug */,
				C1AB813F25D1E889006B1940 /* Release */,
			);
			defaultConfigurationIsVisible = 0;
			defaultConfigurationName = Release;
		};
/* End XCConfigurationList section */
	};
	rootObject = C1AB812E25D1E889006B1940 /* Project object */;
}
